
Microsoft Visual Studio Solution File, Format Version 12.00
# Visual Studio Version 16
VisualStudioVersion = 16.0.30114.105
MinimumVisualStudioVersion = 10.0.40219.1
Project("{2150E333-8FDC-42A3-9474-1A3956D46DE8}") = "src", "src", "{38A3F3BE-0FA6-4C8D-81E6-1945AE77FD4D}"
EndProject
Project("{F2A71F9B-5D33-465A-A702-920D77279786}") = "RandomSceneDrawing.Core", "src\RandomSceneDrawing.Core\RandomSceneDrawing.Core.fsproj", "{B77D8D04-6D66-4FE4-9049-F9D49784589E}"
EndProject
Project("{2150E333-8FDC-42A3-9474-1A3956D46DE8}") = "tests", "tests", "{46B76148-8768-46F1-BC03-8B0CF4610F13}"
EndProject
Project("{F2A71F9B-5D33-465A-A702-920D77279786}") = "RandomSceneDrawing.Core.Tests", "tests\RandomSceneDrawing.Core.Tests\RandomSceneDrawing.Core.Tests.fsproj", "{F45D4173-B3C9-4507-B4EF-8E4AFF786974}"
EndProject
Project("{F2A71F9B-5D33-465A-A702-920D77279786}") = "RandomSceneDrawing.Avalonia.FuncUI", "src\RandomSceneDrawing.Avalonia.FuncUI\RandomSceneDrawing.Avalonia.FuncUI.fsproj", "{A5E2DB98-0B8F-4D21-BC26-07DF47310E8B}"
EndProject
Project("{F2A71F9B-5D33-465A-A702-920D77279786}") = "RandomSceneDrawing.PlayerLib", "src\RandomSceneDrawing.PlayerLib\RandomSceneDrawing.PlayerLib.fsproj", "{08F4434F-856A-4D23-A7E9-2F8AD03A279E}"
EndProject
Project("{F2A71F9B-5D33-465A-A702-920D77279786}") = "RandomSceneDrawing.PlayerLib.Tests", "tests\RandomSceneDrawing.PlayerLib.Tests\RandomSceneDrawing.PlayerLib.Tests.fsproj", "{0C59D731-ECD0-4805-A11F-75293E23F16F}"
EndProject
Global
	GlobalSection(SolutionConfigurationPlatforms) = preSolution
		Debug|Any CPU = Debug|Any CPU
		Release|Any CPU = Release|Any CPU
	EndGlobalSection
	GlobalSection(SolutionProperties) = preSolution
		HideSolutionNode = FALSE
	EndGlobalSection
	GlobalSection(ProjectConfigurationPlatforms) = postSolution
		{B77D8D04-6D66-4FE4-9049-F9D49784589E}.Debug|Any CPU.ActiveCfg = Debug|Any CPU
		{B77D8D04-6D66-4FE4-9049-F9D49784589E}.Debug|Any CPU.Build.0 = Debug|Any CPU
		{B77D8D04-6D66-4FE4-9049-F9D49784589E}.Release|Any CPU.ActiveCfg = Release|Any CPU
		{B77D8D04-6D66-4FE4-9049-F9D49784589E}.Release|Any CPU.Build.0 = Release|Any CPU
		{F45D4173-B3C9-4507-B4EF-8E4AFF786974}.Debug|Any CPU.ActiveCfg = Debug|Any CPU
		{F45D4173-B3C9-4507-B4EF-8E4AFF786974}.Debug|Any CPU.Build.0 = Debug|Any CPU
		{F45D4173-B3C9-4507-B4EF-8E4AFF786974}.Release|Any CPU.ActiveCfg = Release|Any CPU
		{F45D4173-B3C9-4507-B4EF-8E4AFF786974}.Release|Any CPU.Build.0 = Release|Any CPU
		{A5E2DB98-0B8F-4D21-BC26-07DF47310E8B}.Debug|Any CPU.ActiveCfg = Debug|Any CPU
		{A5E2DB98-0B8F-4D21-BC26-07DF47310E8B}.Debug|Any CPU.Build.0 = Debug|Any CPU
		{A5E2DB98-0B8F-4D21-BC26-07DF47310E8B}.Release|Any CPU.ActiveCfg = Release|Any CPU
		{A5E2DB98-0B8F-4D21-BC26-07DF47310E8B}.Release|Any CPU.Build.0 = Release|Any CPU
		{08F4434F-856A-4D23-A7E9-2F8AD03A279E}.Debug|Any CPU.ActiveCfg = Debug|Any CPU
		{08F4434F-856A-4D23-A7E9-2F8AD03A279E}.Debug|Any CPU.Build.0 = Debug|Any CPU
		{08F4434F-856A-4D23-A7E9-2F8AD03A279E}.Release|Any CPU.ActiveCfg = Release|Any CPU
		{08F4434F-856A-4D23-A7E9-2F8AD03A279E}.Release|Any CPU.Build.0 = Release|Any CPU
		{0C59D731-ECD0-4805-A11F-75293E23F16F}.Debug|Any CPU.ActiveCfg = Debug|Any CPU
		{0C59D731-ECD0-4805-A11F-75293E23F16F}.Debug|Any CPU.Build.0 = Debug|Any CPU
		{0C59D731-ECD0-4805-A11F-75293E23F16F}.Release|Any CPU.ActiveCfg = Release|Any CPU
		{0C59D731-ECD0-4805-A11F-75293E23F16F}.Release|Any CPU.Build.0 = Release|Any CPU
	EndGlobalSection
	GlobalSection(NestedProjects) = preSolution
		{B77D8D04-6D66-4FE4-9049-F9D49784589E} = {38A3F3BE-0FA6-4C8D-81E6-1945AE77FD4D}
		{F45D4173-B3C9-4507-B4EF-8E4AFF786974} = {46B76148-8768-46F1-BC03-8B0CF4610F13}
		{A5E2DB98-0B8F-4D21-BC26-07DF47310E8B} = {38A3F3BE-0FA6-4C8D-81E6-1945AE77FD4D}
		{08F4434F-856A-4D23-A7E9-2F8AD03A279E} = {38A3F3BE-0FA6-4C8D-81E6-1945AE77FD4D}
		{0C59D731-ECD0-4805-A11F-75293E23F16F} = {46B76148-8768-46F1-BC03-8B0CF4610F13}
	EndGlobalSection
EndGlobal
